// !$*UTF8*$!
{
	archiveVersion = 1;
	classes = {
	};
	objectVersion = 46;
	objects = {

/* Begin PBXBuildFile section */
		6B0263FC1C2F62EF0099BF46 /* CameraOverlayViewController.m in Sources */ = {isa = PBXBuildFile; fileRef = 6B0263FA1C2F62EF0099BF46 /* CameraOverlayViewController.m */; };
		6B0263FD1C2F62EF0099BF46 /* CameraOverlayViewController.xib in Resources */ = {isa = PBXBuildFile; fileRef = 6B0263FB1C2F62EF0099BF46 /* CameraOverlayViewController.xib */; };
		6B0264001C2F632A0099BF46 /* CustomCameraOverlayView.m in Sources */ = {isa = PBXBuildFile; fileRef = 6B0263FF1C2F632A0099BF46 /* CustomCameraOverlayView.m */; };
		6B07A9EA1CAB42280085671E /* NYAlertViewController.m in Sources */ = {isa = PBXBuildFile; fileRef = 6B07A9E91CAB42280085671E /* NYAlertViewController.m */; };
		6B07A9F11CAB43240085671E /* NYAlertView.m in Sources */ = {isa = PBXBuildFile; fileRef = 6B07A9F01CAB43240085671E /* NYAlertView.m */; };
		6B6B3FD41BE1A51C00EDE9F2 /* Security.framework in Frameworks */ = {isa = PBXBuildFile; fileRef = 6B6B3FD31BE1A51C00EDE9F2 /* Security.framework */; };
		6B6B3FD61BE1A52A00EDE9F2 /* SystemConfiguration.framework in Frameworks */ = {isa = PBXBuildFile; fileRef = 6B6B3FD51BE1A52A00EDE9F2 /* SystemConfiguration.framework */; };
		6B6B3FDA1BE1A9AA00EDE9F2 /* GTMOAuth2ViewTouch.xib in Resources */ = {isa = PBXBuildFile; fileRef = 6B6B3FD91BE1A9AA00EDE9F2 /* GTMOAuth2ViewTouch.xib */; };
		6B6B3FE51BE1A9E500EDE9F2 /* GTLDrive_Sources.m in Sources */ = {isa = PBXBuildFile; fileRef = 6B6B3FE31BE1A9E500EDE9F2 /* GTLDrive_Sources.m */; };
		6B9B14741C1FB62200E5A662 /* MobileCoreServices.framework in Frameworks */ = {isa = PBXBuildFile; fileRef = 6B9B14731C1FB62200E5A662 /* MobileCoreServices.framework */; };
		6BADA67F1CC2FF1000CAB17E /* SetPasscodeViewController.m in Sources */ = {isa = PBXBuildFile; fileRef = 6BADA67E1CC2FF1000CAB17E /* SetPasscodeViewController.m */; };
		6BADA6851CC3033500CAB17E /* Images.xcassets in Resources */ = {isa = PBXBuildFile; fileRef = 6BADA6841CC3033500CAB17E /* Images.xcassets */; };
		6BB36B071CBB1D28002E2D3F /* ConnectivityViewController.m in Sources */ = {isa = PBXBuildFile; fileRef = 6BB36B061CBB1D28002E2D3F /* ConnectivityViewController.m */; };
		6BB36B0A1CBB2169002E2D3F /* Connectivity.m in Sources */ = {isa = PBXBuildFile; fileRef = 6BB36B091CBB2169002E2D3F /* Connectivity.m */; };
		6BDC39C21BDF22EF0036BE01 /* main.m in Sources */ = {isa = PBXBuildFile; fileRef = 6BDC39C11BDF22EF0036BE01 /* main.m */; };
		6BDC39C51BDF22EF0036BE01 /* AppDelegate.m in Sources */ = {isa = PBXBuildFile; fileRef = 6BDC39C41BDF22EF0036BE01 /* AppDelegate.m */; };
		6BDC39CB1BDF22EF0036BE01 /* Main.storyboard in Resources */ = {isa = PBXBuildFile; fileRef = 6BDC39C91BDF22EF0036BE01 /* Main.storyboard */; };
		6BDC39D01BDF22EF0036BE01 /* LaunchScreen.storyboard in Resources */ = {isa = PBXBuildFile; fileRef = 6BDC39CE1BDF22EF0036BE01 /* LaunchScreen.storyboard */; };
		6BDC39D91BDF274A0036BE01 /* VideoViewController.m in Sources */ = {isa = PBXBuildFile; fileRef = 6BDC39D81BDF274A0036BE01 /* VideoViewController.m */; };
		6BE642461C388052003CA4A1 /* LogInViewController.m in Sources */ = {isa = PBXBuildFile; fileRef = 6BE642451C388052003CA4A1 /* LogInViewController.m */; };
		6BE9135F1C644F2C000F0240 /* libGTLTouchStaticLib.a in Frameworks */ = {isa = PBXBuildFile; fileRef = 6BE913491C644EEE000F0240 /* libGTLTouchStaticLib.a */; };
		6BFF08A61C5C26890009B0BB /* AVFoundation.framework in Frameworks */ = {isa = PBXBuildFile; fileRef = 6BFF08A51C5C26890009B0BB /* AVFoundation.framework */; };
		6BFF08AC1C5C26A30009B0BB /* Foundation.framework in Frameworks */ = {isa = PBXBuildFile; fileRef = 6BFF08AB1C5C26A30009B0BB /* Foundation.framework */; };
		DAA79D414D47D1DEAAA48D7F /* libPods.a in Frameworks */ = {isa = PBXBuildFile; fileRef = 3FFB43943C105DE2F96CF328 /* libPods.a */; };
/* End PBXBuildFile section */

/* Begin PBXContainerItemProxy section */
		6BE913461C644EEE000F0240 /* PBXContainerItemProxy */ = {
			isa = PBXContainerItemProxy;
			containerPortal = 6BE908F31C644EE9000F0240 /* GTL.xcodeproj */;
			proxyType = 2;
			remoteGlobalIDString = 4F38F6A60B66E91D00B24B81;
			remoteInfo = GTLFramework;
		};
		6BE913481C644EEE000F0240 /* PBXContainerItemProxy */ = {
			isa = PBXContainerItemProxy;
			containerPortal = 6BE908F31C644EE9000F0240 /* GTL.xcodeproj */;
			proxyType = 2;
			remoteGlobalIDString = 4F12027C11A4CA2F00BEB470;
			remoteInfo = GTLTouchStaticLib;
		};
		6BE9134A1C644EEE000F0240 /* PBXContainerItemProxy */ = {
			isa = PBXContainerItemProxy;
			containerPortal = 6BE908F31C644EE9000F0240 /* GTL.xcodeproj */;
			proxyType = 2;
			remoteGlobalIDString = 4F12027D11A4CA2F00BEB470;
			remoteInfo = GTLUnitTests;
		};
		6BE9134C1C644EEE000F0240 /* PBXContainerItemProxy */ = {
			isa = PBXContainerItemProxy;
			containerPortal = 6BE908F31C644EE9000F0240 /* GTL.xcodeproj */;
			proxyType = 2;
			remoteGlobalIDString = 4F1AD9020B71603F00DC0485;
			remoteInfo = DevelopmentTestTool;
		};
/* End PBXContainerItemProxy section */

/* Begin PBXFileReference section */
		3FFB43943C105DE2F96CF328 /* libPods.a */ = {isa = PBXFileReference; explicitFileType = archive.ar; includeInIndex = 0; path = libPods.a; sourceTree = BUILT_PRODUCTS_DIR; };
		590EA36107CF4346B8B4FAD8 /* Pods.debug.xcconfig */ = {isa = PBXFileReference; includeInIndex = 1; lastKnownFileType = text.xcconfig; name = Pods.debug.xcconfig; path = "Pods/Target Support Files/Pods/Pods.debug.xcconfig"; sourceTree = "<group>"; };
		6B0263F91C2F62EF0099BF46 /* CameraOverlayViewController.h */ = {isa = PBXFileReference; fileEncoding = 4; lastKnownFileType = sourcecode.c.h; path = CameraOverlayViewController.h; sourceTree = "<group>"; };
		6B0263FA1C2F62EF0099BF46 /* CameraOverlayViewController.m */ = {isa = PBXFileReference; fileEncoding = 4; lastKnownFileType = sourcecode.c.objc; path = CameraOverlayViewController.m; sourceTree = "<group>"; };
		6B0263FB1C2F62EF0099BF46 /* CameraOverlayViewController.xib */ = {isa = PBXFileReference; fileEncoding = 4; lastKnownFileType = file.xib; path = CameraOverlayViewController.xib; sourceTree = "<group>"; };
		6B0263FE1C2F632A0099BF46 /* CustomCameraOverlayView.h */ = {isa = PBXFileReference; fileEncoding = 4; lastKnownFileType = sourcecode.c.h; path = CustomCameraOverlayView.h; sourceTree = "<group>"; };
		6B0263FF1C2F632A0099BF46 /* CustomCameraOverlayView.m */ = {isa = PBXFileReference; fileEncoding = 4; lastKnownFileType = sourcecode.c.objc; path = CustomCameraOverlayView.m; sourceTree = "<group>"; };
		6B07A9E81CAB42280085671E /* NYAlertViewController.h */ = {isa = PBXFileReference; fileEncoding = 4; lastKnownFileType = sourcecode.c.h; path = NYAlertViewController.h; sourceTree = "<group>"; };
		6B07A9E91CAB42280085671E /* NYAlertViewController.m */ = {isa = PBXFileReference; fileEncoding = 4; lastKnownFileType = sourcecode.c.objc; path = NYAlertViewController.m; sourceTree = "<group>"; };
		6B07A9EF1CAB43240085671E /* NYAlertView.h */ = {isa = PBXFileReference; fileEncoding = 4; lastKnownFileType = sourcecode.c.h; path = NYAlertView.h; sourceTree = "<group>"; };
		6B07A9F01CAB43240085671E /* NYAlertView.m */ = {isa = PBXFileReference; fileEncoding = 4; lastKnownFileType = sourcecode.c.objc; path = NYAlertView.m; sourceTree = "<group>"; };
		6B6B3FD31BE1A51C00EDE9F2 /* Security.framework */ = {isa = PBXFileReference; lastKnownFileType = wrapper.framework; name = Security.framework; path = System/Library/Frameworks/Security.framework; sourceTree = SDKROOT; };
		6B6B3FD51BE1A52A00EDE9F2 /* SystemConfiguration.framework */ = {isa = PBXFileReference; lastKnownFileType = wrapper.framework; name = SystemConfiguration.framework; path = System/Library/Frameworks/SystemConfiguration.framework; sourceTree = SDKROOT; };
		6B6B3FD91BE1A9AA00EDE9F2 /* GTMOAuth2ViewTouch.xib */ = {isa = PBXFileReference; fileEncoding = 4; lastKnownFileType = file.xib; path = GTMOAuth2ViewTouch.xib; sourceTree = "<group>"; };
		6B6B3FE31BE1A9E500EDE9F2 /* GTLDrive_Sources.m */ = {isa = PBXFileReference; fileEncoding = 4; lastKnownFileType = sourcecode.c.objc; path = GTLDrive_Sources.m; sourceTree = "<group>"; };
		6B6B3FE41BE1A9E500EDE9F2 /* GTLDrive.h */ = {isa = PBXFileReference; fileEncoding = 4; lastKnownFileType = sourcecode.c.h; path = GTLDrive.h; sourceTree = "<group>"; };
		6B9B14731C1FB62200E5A662 /* MobileCoreServices.framework */ = {isa = PBXFileReference; lastKnownFileType = wrapper.framework; name = MobileCoreServices.framework; path = System/Library/Frameworks/MobileCoreServices.framework; sourceTree = SDKROOT; };
		6BADA67D1CC2FF1000CAB17E /* SetPasscodeViewController.h */ = {isa = PBXFileReference; fileEncoding = 4; lastKnownFileType = sourcecode.c.h; path = SetPasscodeViewController.h; sourceTree = "<group>"; };
		6BADA67E1CC2FF1000CAB17E /* SetPasscodeViewController.m */ = {isa = PBXFileReference; fileEncoding = 4; lastKnownFileType = sourcecode.c.objc; path = SetPasscodeViewController.m; sourceTree = "<group>"; };
		6BADA6841CC3033500CAB17E /* Images.xcassets */ = {isa = PBXFileReference; lastKnownFileType = folder.assetcatalog; path = Images.xcassets; sourceTree = "<group>"; };
		6BB36B051CBB1D28002E2D3F /* ConnectivityViewController.h */ = {isa = PBXFileReference; fileEncoding = 4; lastKnownFileType = sourcecode.c.h; path = ConnectivityViewController.h; sourceTree = "<group>"; };
		6BB36B061CBB1D28002E2D3F /* ConnectivityViewController.m */ = {isa = PBXFileReference; fileEncoding = 4; lastKnownFileType = sourcecode.c.objc; path = ConnectivityViewController.m; sourceTree = "<group>"; };
		6BB36B081CBB2169002E2D3F /* Connectivity.h */ = {isa = PBXFileReference; fileEncoding = 4; lastKnownFileType = sourcecode.c.h; path = Connectivity.h; sourceTree = "<group>"; };
		6BB36B091CBB2169002E2D3F /* Connectivity.m */ = {isa = PBXFileReference; fileEncoding = 4; lastKnownFileType = sourcecode.c.objc; path = Connectivity.m; sourceTree = "<group>"; };
		6BDC39BD1BDF22EF0036BE01 /* BMLPVideoArchiver.app */ = {isa = PBXFileReference; explicitFileType = wrapper.application; includeInIndex = 0; path = BMLPVideoArchiver.app; sourceTree = BUILT_PRODUCTS_DIR; };
		6BDC39C11BDF22EF0036BE01 /* main.m */ = {isa = PBXFileReference; lastKnownFileType = sourcecode.c.objc; path = main.m; sourceTree = "<group>"; };
		6BDC39C31BDF22EF0036BE01 /* AppDelegate.h */ = {isa = PBXFileReference; lastKnownFileType = sourcecode.c.h; path = AppDelegate.h; sourceTree = "<group>"; };
		6BDC39C41BDF22EF0036BE01 /* AppDelegate.m */ = {isa = PBXFileReference; lastKnownFileType = sourcecode.c.objc; path = AppDelegate.m; sourceTree = "<group>"; };
		6BDC39CA1BDF22EF0036BE01 /* Base */ = {isa = PBXFileReference; lastKnownFileType = file.storyboard; name = Base; path = Base.lproj/Main.storyboard; sourceTree = "<group>"; };
		6BDC39CF1BDF22EF0036BE01 /* Base */ = {isa = PBXFileReference; lastKnownFileType = file.storyboard; name = Base; path = Base.lproj/LaunchScreen.storyboard; sourceTree = "<group>"; };
		6BDC39D11BDF22EF0036BE01 /* Info.plist */ = {isa = PBXFileReference; lastKnownFileType = text.plist.xml; path = Info.plist; sourceTree = "<group>"; };
		6BDC39D71BDF274A0036BE01 /* VideoViewController.h */ = {isa = PBXFileReference; fileEncoding = 4; lastKnownFileType = sourcecode.c.h; path = VideoViewController.h; sourceTree = "<group>"; };
		6BDC39D81BDF274A0036BE01 /* VideoViewController.m */ = {isa = PBXFileReference; fileEncoding = 4; lastKnownFileType = sourcecode.c.objc; path = VideoViewController.m; sourceTree = "<group>"; };
		6BE642441C388052003CA4A1 /* LogInViewController.h */ = {isa = PBXFileReference; fileEncoding = 4; lastKnownFileType = sourcecode.c.h; path = LogInViewController.h; sourceTree = "<group>"; };
		6BE642451C388052003CA4A1 /* LogInViewController.m */ = {isa = PBXFileReference; fileEncoding = 4; lastKnownFileType = sourcecode.c.objc; path = LogInViewController.m; sourceTree = "<group>"; };
		6BE908F31C644EE9000F0240 /* GTL.xcodeproj */ = {isa = PBXFileReference; lastKnownFileType = "wrapper.pb-project"; path = GTL.xcodeproj; sourceTree = "<group>"; };
		6BFF08A51C5C26890009B0BB /* AVFoundation.framework */ = {isa = PBXFileReference; lastKnownFileType = wrapper.framework; name = AVFoundation.framework; path = System/Library/Frameworks/AVFoundation.framework; sourceTree = SDKROOT; };
		6BFF08AB1C5C26A30009B0BB /* Foundation.framework */ = {isa = PBXFileReference; lastKnownFileType = wrapper.framework; name = Foundation.framework; path = System/Library/Frameworks/Foundation.framework; sourceTree = SDKROOT; };
		F0EFA6533BB32EB0742FAC7B /* Pods.release.xcconfig */ = {isa = PBXFileReference; includeInIndex = 1; lastKnownFileType = text.xcconfig; name = Pods.release.xcconfig; path = "Pods/Target Support Files/Pods/Pods.release.xcconfig"; sourceTree = "<group>"; };
/* End PBXFileReference section */

/* Begin PBXFrameworksBuildPhase section */
		6BDC39BA1BDF22EF0036BE01 /* Frameworks */ = {
			isa = PBXFrameworksBuildPhase;
			buildActionMask = 2147483647;
			files = (
				6BE9135F1C644F2C000F0240 /* libGTLTouchStaticLib.a in Frameworks */,
				6BFF08AC1C5C26A30009B0BB /* Foundation.framework in Frameworks */,
				6BFF08A61C5C26890009B0BB /* AVFoundation.framework in Frameworks */,
				6B9B14741C1FB62200E5A662 /* MobileCoreServices.framework in Frameworks */,
				6B6B3FD61BE1A52A00EDE9F2 /* SystemConfiguration.framework in Frameworks */,
				6B6B3FD41BE1A51C00EDE9F2 /* Security.framework in Frameworks */,
				DAA79D414D47D1DEAAA48D7F /* libPods.a in Frameworks */,
			);
			runOnlyForDeploymentPostprocessing = 0;
		};
/* End PBXFrameworksBuildPhase section */

/* Begin PBXGroup section */
		5F8AEF7038B6D5F6DAD271EE /* Frameworks */ = {
			isa = PBXGroup;
			children = (
				6BFF08AB1C5C26A30009B0BB /* Foundation.framework */,
				6BFF08A51C5C26890009B0BB /* AVFoundation.framework */,
				6B9B14731C1FB62200E5A662 /* MobileCoreServices.framework */,
				6B6B3FD51BE1A52A00EDE9F2 /* SystemConfiguration.framework */,
				6B6B3FD31BE1A51C00EDE9F2 /* Security.framework */,
				3FFB43943C105DE2F96CF328 /* libPods.a */,
			);
			name = Frameworks;
			sourceTree = "<group>";
		};
		6BDC39B41BDF22EF0036BE01 = {
			isa = PBXGroup;
			children = (
				6BE908F11C644EE9000F0240 /* External */,
				6BDC39BF1BDF22EF0036BE01 /* BMLPVideoArchiver */,
				6BDC39BE1BDF22EF0036BE01 /* Products */,
				94A0C3E83FCED1247673026B /* Pods */,
				5F8AEF7038B6D5F6DAD271EE /* Frameworks */,
			);
			sourceTree = "<group>";
		};
		6BDC39BE1BDF22EF0036BE01 /* Products */ = {
			isa = PBXGroup;
			children = (
				6BDC39BD1BDF22EF0036BE01 /* BMLPVideoArchiver.app */,
			);
			name = Products;
			sourceTree = "<group>";
		};
		6BDC39BF1BDF22EF0036BE01 /* BMLPVideoArchiver */ = {
			isa = PBXGroup;
			children = (
				6BDC39C31BDF22EF0036BE01 /* AppDelegate.h */,
				6BDC39C41BDF22EF0036BE01 /* AppDelegate.m */,
				6B6B3FE31BE1A9E500EDE9F2 /* GTLDrive_Sources.m */,
				6B6B3FE41BE1A9E500EDE9F2 /* GTLDrive.h */,
				6B07A9EF1CAB43240085671E /* NYAlertView.h */,
				6B07A9F01CAB43240085671E /* NYAlertView.m */,
				6B07A9E81CAB42280085671E /* NYAlertViewController.h */,
				6B07A9E91CAB42280085671E /* NYAlertViewController.m */,
				6BB36B081CBB2169002E2D3F /* Connectivity.h */,
				6BB36B091CBB2169002E2D3F /* Connectivity.m */,
				6BB36B051CBB1D28002E2D3F /* ConnectivityViewController.h */,
				6BB36B061CBB1D28002E2D3F /* ConnectivityViewController.m */,
				6BADA67D1CC2FF1000CAB17E /* SetPasscodeViewController.h */,
				6BADA67E1CC2FF1000CAB17E /* SetPasscodeViewController.m */,
				6BE642441C388052003CA4A1 /* LogInViewController.h */,
				6BE642451C388052003CA4A1 /* LogInViewController.m */,
				6BDC39D71BDF274A0036BE01 /* VideoViewController.h */,
				6BDC39D81BDF274A0036BE01 /* VideoViewController.m */,
				6B0263F91C2F62EF0099BF46 /* CameraOverlayViewController.h */,
				6B0263FA1C2F62EF0099BF46 /* CameraOverlayViewController.m */,
				6B0263FB1C2F62EF0099BF46 /* CameraOverlayViewController.xib */,
				6B0263FE1C2F632A0099BF46 /* CustomCameraOverlayView.h */,
				6B0263FF1C2F632A0099BF46 /* CustomCameraOverlayView.m */,
				6BDC39C91BDF22EF0036BE01 /* Main.storyboard */,
				6BADA6841CC3033500CAB17E /* Images.xcassets */,
				6BDC39CE1BDF22EF0036BE01 /* LaunchScreen.storyboard */,
				6BDC39D11BDF22EF0036BE01 /* Info.plist */,
				6BDC39C01BDF22EF0036BE01 /* Supporting Files */,
			);
			path = BMLPVideoArchiver;
			sourceTree = "<group>";
		};
		6BDC39C01BDF22EF0036BE01 /* Supporting Files */ = {
			isa = PBXGroup;
			children = (
				6B6B3FD91BE1A9AA00EDE9F2 /* GTMOAuth2ViewTouch.xib */,
				6BDC39C11BDF22EF0036BE01 /* main.m */,
			);
			name = "Supporting Files";
			sourceTree = "<group>";
		};
		6BE908F11C644EE9000F0240 /* External */ = {
			isa = PBXGroup;
			children = (
				6BE908F21C644EE9000F0240 /* GTL */,
			);
			path = External;
			sourceTree = "<group>";
		};
		6BE908F21C644EE9000F0240 /* GTL */ = {
			isa = PBXGroup;
			children = (
				6BE908F31C644EE9000F0240 /* GTL.xcodeproj */,
			);
			path = GTL;
			sourceTree = "<group>";
		};
		6BE908F41C644EE9000F0240 /* Products */ = {
			isa = PBXGroup;
			children = (
				6BE913471C644EEE000F0240 /* GTL.framework */,
				6BE913491C644EEE000F0240 /* libGTLTouchStaticLib.a */,
				6BE9134B1C644EEE000F0240 /* GTLUnitTests.xctest */,
				6BE9134D1C644EEE000F0240 /* DevelopmentTestTool */,
			);
			name = Products;
			sourceTree = "<group>";
		};
		94A0C3E83FCED1247673026B /* Pods */ = {
			isa = PBXGroup;
			children = (
				590EA36107CF4346B8B4FAD8 /* Pods.debug.xcconfig */,
				F0EFA6533BB32EB0742FAC7B /* Pods.release.xcconfig */,
			);
			name = Pods;
			sourceTree = "<group>";
		};
/* End PBXGroup section */

/* Begin PBXNativeTarget section */
		6BDC39BC1BDF22EF0036BE01 /* BMLPVideoArchiver */ = {
			isa = PBXNativeTarget;
			buildConfigurationList = 6BDC39D41BDF22EF0036BE01 /* Build configuration list for PBXNativeTarget "BMLPVideoArchiver" */;
			buildPhases = (
				16FBB91D16D80D26D5F7BA2C /* Check Pods Manifest.lock */,
				6BDC39B91BDF22EF0036BE01 /* Sources */,
				6BDC39BA1BDF22EF0036BE01 /* Frameworks */,
				6BDC39BB1BDF22EF0036BE01 /* Resources */,
				5D70F21C1FB35F2B1D96B647 /* Embed Pods Frameworks */,
				390544C69151C31B4F6C531F /* Copy Pods Resources */,
			);
			buildRules = (
			);
			dependencies = (
			);
			name = BMLPVideoArchiver;
			productName = BMLPVideoArchiver;
			productReference = 6BDC39BD1BDF22EF0036BE01 /* BMLPVideoArchiver.app */;
			productType = "com.apple.product-type.application";
		};
/* End PBXNativeTarget section */

/* Begin PBXProject section */
		6BDC39B51BDF22EF0036BE01 /* Project object */ = {
			isa = PBXProject;
			attributes = {
				LastUpgradeCheck = 0710;
				ORGANIZATIONNAME = "Justine Kay";
				TargetAttributes = {
					6BDC39BC1BDF22EF0036BE01 = {
						CreatedOnToolsVersion = 7.1;
						DevelopmentTeam = 8338VRHY69;
						SystemCapabilities = {
							com.apple.BackgroundModes = {
								enabled = 1;
							};
						};
					};
				};
			};
			buildConfigurationList = 6BDC39B81BDF22EF0036BE01 /* Build configuration list for PBXProject "BMLPVideoArchiver" */;
			compatibilityVersion = "Xcode 3.2";
			developmentRegion = English;
			hasScannedForEncodings = 0;
			knownRegions = (
				en,
				Base,
			);
			mainGroup = 6BDC39B41BDF22EF0036BE01;
			productRefGroup = 6BDC39BE1BDF22EF0036BE01 /* Products */;
			projectDirPath = "";
			projectReferences = (
				{
					ProductGroup = 6BE908F41C644EE9000F0240 /* Products */;
					ProjectRef = 6BE908F31C644EE9000F0240 /* GTL.xcodeproj */;
				},
			);
			projectRoot = "";
			targets = (
				6BDC39BC1BDF22EF0036BE01 /* BMLPVideoArchiver */,
			);
		};
/* End PBXProject section */

/* Begin PBXReferenceProxy section */
		6BE913471C644EEE000F0240 /* GTL.framework */ = {
			isa = PBXReferenceProxy;
			fileType = wrapper.framework;
			path = GTL.framework;
			remoteRef = 6BE913461C644EEE000F0240 /* PBXContainerItemProxy */;
			sourceTree = BUILT_PRODUCTS_DIR;
		};
		6BE913491C644EEE000F0240 /* libGTLTouchStaticLib.a */ = {
			isa = PBXReferenceProxy;
			fileType = archive.ar;
			path = libGTLTouchStaticLib.a;
			remoteRef = 6BE913481C644EEE000F0240 /* PBXContainerItemProxy */;
			sourceTree = BUILT_PRODUCTS_DIR;
		};
		6BE9134B1C644EEE000F0240 /* GTLUnitTests.xctest */ = {
			isa = PBXReferenceProxy;
			fileType = wrapper.cfbundle;
			path = GTLUnitTests.xctest;
			remoteRef = 6BE9134A1C644EEE000F0240 /* PBXContainerItemProxy */;
			sourceTree = BUILT_PRODUCTS_DIR;
		};
		6BE9134D1C644EEE000F0240 /* DevelopmentTestTool */ = {
			isa = PBXReferenceProxy;
			fileType = "compiled.mach-o.executable";
			path = DevelopmentTestTool;
			remoteRef = 6BE9134C1C644EEE000F0240 /* PBXContainerItemProxy */;
			sourceTree = BUILT_PRODUCTS_DIR;
		};
/* End PBXReferenceProxy section */

/* Begin PBXResourcesBuildPhase section */
		6BDC39BB1BDF22EF0036BE01 /* Resources */ = {
			isa = PBXResourcesBuildPhase;
			buildActionMask = 2147483647;
			files = (
				6B0263FD1C2F62EF0099BF46 /* CameraOverlayViewController.xib in Resources */,
				6BADA6851CC3033500CAB17E /* Images.xcassets in Resources */,
				6B6B3FDA1BE1A9AA00EDE9F2 /* GTMOAuth2ViewTouch.xib in Resources */,
				6BDC39D01BDF22EF0036BE01 /* LaunchScreen.storyboard in Resources */,
				6BDC39CB1BDF22EF0036BE01 /* Main.storyboard in Resources */,
			);
			runOnlyForDeploymentPostprocessing = 0;
		};
/* End PBXResourcesBuildPhase section */

/* Begin PBXShellScriptBuildPhase section */
		16FBB91D16D80D26D5F7BA2C /* Check Pods Manifest.lock */ = {
			isa = PBXShellScriptBuildPhase;
			buildActionMask = 2147483647;
			files = (
			);
			inputPaths = (
			);
			name = "Check Pods Manifest.lock";
			outputPaths = (
			);
			runOnlyForDeploymentPostprocessing = 0;
			shellPath = /bin/sh;
			shellScript = "diff \"${PODS_ROOT}/../Podfile.lock\" \"${PODS_ROOT}/Manifest.lock\" > /dev/null\nif [[ $? != 0 ]] ; then\n    cat << EOM\nerror: The sandbox is not in sync with the Podfile.lock. Run 'pod install' or update your CocoaPods installation.\nEOM\n    exit 1\nfi\n";
			showEnvVarsInLog = 0;
		};
		390544C69151C31B4F6C531F /* Copy Pods Resources */ = {
			isa = PBXShellScriptBuildPhase;
			buildActionMask = 2147483647;
			files = (
			);
			inputPaths = (
			);
			name = "Copy Pods Resources";
			outputPaths = (
			);
			runOnlyForDeploymentPostprocessing = 0;
			shellPath = /bin/sh;
			shellScript = "\"${SRCROOT}/Pods/Target Support Files/Pods/Pods-resources.sh\"\n";
			showEnvVarsInLog = 0;
		};
		5D70F21C1FB35F2B1D96B647 /* Embed Pods Frameworks */ = {
			isa = PBXShellScriptBuildPhase;
			buildActionMask = 2147483647;
			files = (
			);
			inputPaths = (
			);
			name = "Embed Pods Frameworks";
			outputPaths = (
			);
			runOnlyForDeploymentPostprocessing = 0;
			shellPath = /bin/sh;
			shellScript = "\"${SRCROOT}/Pods/Target Support Files/Pods/Pods-frameworks.sh\"\n";
			showEnvVarsInLog = 0;
		};
/* End PBXShellScriptBuildPhase section */

/* Begin PBXSourcesBuildPhase section */
		6BDC39B91BDF22EF0036BE01 /* Sources */ = {
			isa = PBXSourcesBuildPhase;
			buildActionMask = 2147483647;
			files = (
				6B07A9EA1CAB42280085671E /* NYAlertViewController.m in Sources */,
				6BE642461C388052003CA4A1 /* LogInViewController.m in Sources */,
				6BDC39C51BDF22EF0036BE01 /* AppDelegate.m in Sources */,
				6BADA67F1CC2FF1000CAB17E /* SetPasscodeViewController.m in Sources */,
				6B6B3FE51BE1A9E500EDE9F2 /* GTLDrive_Sources.m in Sources */,
				6BDC39C21BDF22EF0036BE01 /* main.m in Sources */,
				6BB36B0A1CBB2169002E2D3F /* Connectivity.m in Sources */,
				6BDC39D91BDF274A0036BE01 /* VideoViewController.m in Sources */,
				6B0264001C2F632A0099BF46 /* CustomCameraOverlayView.m in Sources */,
				6B0263FC1C2F62EF0099BF46 /* CameraOverlayViewController.m in Sources */,
				6B07A9F11CAB43240085671E /* NYAlertView.m in Sources */,
				6BB36B071CBB1D28002E2D3F /* ConnectivityViewController.m in Sources */,
			);
			runOnlyForDeploymentPostprocessing = 0;
		};
/* End PBXSourcesBuildPhase section */

/* Begin PBXVariantGroup section */
		6BDC39C91BDF22EF0036BE01 /* Main.storyboard */ = {
			isa = PBXVariantGroup;
			children = (
				6BDC39CA1BDF22EF0036BE01 /* Base */,
			);
			name = Main.storyboard;
			sourceTree = "<group>";
		};
		6BDC39CE1BDF22EF0036BE01 /* LaunchScreen.storyboard */ = {
			isa = PBXVariantGroup;
			children = (
				6BDC39CF1BDF22EF0036BE01 /* Base */,
			);
			name = LaunchScreen.storyboard;
			sourceTree = "<group>";
		};
/* End PBXVariantGroup section */

/* Begin XCBuildConfiguration section */
		6BDC39D21BDF22EF0036BE01 /* Debug */ = {
			isa = XCBuildConfiguration;
			buildSettings = {
				ALWAYS_SEARCH_USER_PATHS = NO;
				CLANG_CXX_LANGUAGE_STANDARD = "gnu++0x";
				CLANG_CXX_LIBRARY = "libc++";
				CLANG_ENABLE_MODULES = YES;
				CLANG_ENABLE_OBJC_ARC = YES;
				CLANG_WARN_BOOL_CONVERSION = YES;
				CLANG_WARN_CONSTANT_CONVERSION = YES;
				CLANG_WARN_DIRECT_OBJC_ISA_USAGE = YES_ERROR;
				CLANG_WARN_EMPTY_BODY = YES;
				CLANG_WARN_ENUM_CONVERSION = YES;
				CLANG_WARN_INT_CONVERSION = YES;
				CLANG_WARN_OBJC_ROOT_CLASS = YES_ERROR;
				CLANG_WARN_UNREACHABLE_CODE = YES;
				CLANG_WARN__DUPLICATE_METHOD_MATCH = YES;
				"CODE_SIGN_IDENTITY[sdk=iphoneos*]" = "iPhone Developer";
				COPY_PHASE_STRIP = NO;
				DEBUG_INFORMATION_FORMAT = dwarf;
				ENABLE_STRICT_OBJC_MSGSEND = YES;
				ENABLE_TESTABILITY = YES;
				GCC_C_LANGUAGE_STANDARD = gnu99;
				GCC_DYNAMIC_NO_PIC = NO;
				GCC_NO_COMMON_BLOCKS = YES;
				GCC_OPTIMIZATION_LEVEL = 0;
				GCC_PREPROCESSOR_DEFINITIONS = (
					"DEBUG=1",
					"$(inherited)",
				);
				GCC_WARN_64_TO_32_BIT_CONVERSION = YES;
				GCC_WARN_ABOUT_RETURN_TYPE = YES_ERROR;
				GCC_WARN_UNDECLARED_SELECTOR = YES;
				GCC_WARN_UNINITIALIZED_AUTOS = YES_AGGRESSIVE;
				GCC_WARN_UNUSED_FUNCTION = YES;
				GCC_WARN_UNUSED_VARIABLE = YES;
				IPHONEOS_DEPLOYMENT_TARGET = 9.1;
				MTL_ENABLE_DEBUG_INFO = YES;
				ONLY_ACTIVE_ARCH = YES;
				SDKROOT = iphoneos;
			};
			name = Debug;
		};
		6BDC39D31BDF22EF0036BE01 /* Release */ = {
			isa = XCBuildConfiguration;
			buildSettings = {
				ALWAYS_SEARCH_USER_PATHS = NO;
				CLANG_CXX_LANGUAGE_STANDARD = "gnu++0x";
				CLANG_CXX_LIBRARY = "libc++";
				CLANG_ENABLE_MODULES = YES;
				CLANG_ENABLE_OBJC_ARC = YES;
				CLANG_WARN_BOOL_CONVERSION = YES;
				CLANG_WARN_CONSTANT_CONVERSION = YES;
				CLANG_WARN_DIRECT_OBJC_ISA_USAGE = YES_ERROR;
				CLANG_WARN_EMPTY_BODY = YES;
				CLANG_WARN_ENUM_CONVERSION = YES;
				CLANG_WARN_INT_CONVERSION = YES;
				CLANG_WARN_OBJC_ROOT_CLASS = YES_ERROR;
				CLANG_WARN_UNREACHABLE_CODE = YES;
				CLANG_WARN__DUPLICATE_METHOD_MATCH = YES;
				"CODE_SIGN_IDENTITY[sdk=iphoneos*]" = "iPhone Developer";
				COPY_PHASE_STRIP = NO;
				DEBUG_INFORMATION_FORMAT = "dwarf-with-dsym";
				ENABLE_NS_ASSERTIONS = NO;
				ENABLE_STRICT_OBJC_MSGSEND = YES;
				GCC_C_LANGUAGE_STANDARD = gnu99;
				GCC_NO_COMMON_BLOCKS = YES;
				GCC_WARN_64_TO_32_BIT_CONVERSION = YES;
				GCC_WARN_ABOUT_RETURN_TYPE = YES_ERROR;
				GCC_WARN_UNDECLARED_SELECTOR = YES;
				GCC_WARN_UNINITIALIZED_AUTOS = YES_AGGRESSIVE;
				GCC_WARN_UNUSED_FUNCTION = YES;
				GCC_WARN_UNUSED_VARIABLE = YES;
				IPHONEOS_DEPLOYMENT_TARGET = 9.1;
				MTL_ENABLE_DEBUG_INFO = NO;
				SDKROOT = iphoneos;
				VALIDATE_PRODUCT = YES;
			};
			name = Release;
		};
		6BDC39D51BDF22EF0036BE01 /* Debug */ = {
			isa = XCBuildConfiguration;
			baseConfigurationReference = 590EA36107CF4346B8B4FAD8 /* Pods.debug.xcconfig */;
			buildSettings = {
				ALWAYS_SEARCH_USER_PATHS = YES;
				ASSETCATALOG_COMPILER_APPICON_NAME = AppIcon;
				CODE_SIGN_IDENTITY = "iPhone Developer";
				"CODE_SIGN_IDENTITY[sdk=iphoneos*]" = "iPhone Developer";
				INFOPLIST_FILE = BMLPVideoArchiver/Info.plist;
				IPHONEOS_DEPLOYMENT_TARGET = 9.3;
				LD_RUNPATH_SEARCH_PATHS = "$(inherited) @executable_path/Frameworks";
				OTHER_LDFLAGS = (
					"-ObjC",
					"-all_load",
					"$(inherited)",
				);
				PRODUCT_BUNDLE_IDENTIFIER = nyc.justinekay.BMLPVideoArchiver;
				PRODUCT_NAME = "$(TARGET_NAME)";
				PROVISIONING_PROFILE = "";
				USER_HEADER_SEARCH_PATHS = "\"$(SRCROOT)/External/GTL\"/**";
			};
			name = Debug;
		};
		6BDC39D61BDF22EF0036BE01 /* Release */ = {
			isa = XCBuildConfiguration;
			baseConfigurationReference = F0EFA6533BB32EB0742FAC7B /* Pods.release.xcconfig */;
			buildSettings = {
				ALWAYS_SEARCH_USER_PATHS = YES;
				ASSETCATALOG_COMPILER_APPICON_NAME = AppIcon;
				CODE_SIGN_IDENTITY = "iPhone Developer";
				"CODE_SIGN_IDENTITY[sdk=iphoneos*]" = "iPhone Developer";
				INFOPLIST_FILE = BMLPVideoArchiver/Info.plist;
				IPHONEOS_DEPLOYMENT_TARGET = 9.3;
				LD_RUNPATH_SEARCH_PATHS = "$(inherited) @executable_path/Frameworks";
				OTHER_LDFLAGS = (
					"-ObjC",
					"-all_load",
					"$(inherited)",
				);
				PRODUCT_BUNDLE_IDENTIFIER = nyc.justinekay.BMLPVideoArchiver;
				PRODUCT_NAME = "$(TARGET_NAME)";
				PROVISIONING_PROFILE = "";
				USER_HEADER_SEARCH_PATHS = "\"$(SRCROOT)/External/GTL\"/**";
			};
			name = Release;
		};
/* End XCBuildConfiguration section */

/* Begin XCConfigurationList section */
		6BDC39B81BDF22EF0036BE01 /* Build configuration list for PBXProject "BMLPVideoArchiver" */ = {
			isa = XCConfigurationList;
			buildConfigurations = (
				6BDC39D21BDF22EF0036BE01 /* Debug */,
				6BDC39D31BDF22EF0036BE01 /* Release */,
			);
			defaultConfigurationIsVisible = 0;
			defaultConfigurationName = Release;
		};
		6BDC39D41BDF22EF0036BE01 /* Build configuration list for PBXNativeTarget "BMLPVideoArchiver" */ = {
			isa = XCConfigurationList;
			buildConfigurations = (
				6BDC39D51BDF22EF0036BE01 /* Debug */,
				6BDC39D61BDF22EF0036BE01 /* Release */,
			);
			defaultConfigurationIsVisible = 0;
			defaultConfigurationName = Release;
		};
/* End XCConfigurationList section */
	};
	rootObject = 6BDC39B51BDF22EF0036BE01 /* Project object */;
}
